# This file is automatically @generated by Wally.
# It is not intended for manual editing.
registry = "test"

[[package]]
name = "egomoose/future"
version = "1.0.0"
dependencies = []

[[package]]
name = "egomoose/generate-lut-grading"
version = "0.1.0"
dependencies = [["Parallel", "egomoose/parallel@0.2.0"]]

[[package]]
name = "egomoose/parallel"
version = "0.2.0"
dependencies = [["Future", "egomoose/future@1.0.0"], ["Trove", "sleitnick/trove@1.5.1"]]

[[package]]
name = "sleitnick/trove"
version = "1.5.1"
dependencies = []
